
Microsoft Visual Studio Solution File, Format Version 12.00
# Visual Studio 15
VisualStudioVersion = 15.0.28307.136
MinimumVisualStudioVersion = 10.0.40219.1
Project("{FAE04EC0-301F-11D3-BF4B-00C04F79EFBC}") = "ConexionBD", "ConexionBD\ConexionBD.csproj", "{8E3EF05F-38AF-4E70-92FE-C60C4AD37261}"
EndProject
Project("{FAE04EC0-301F-11D3-BF4B-00C04F79EFBC}") = "LogicaApp", "LogicaApp\LogicaApp.csproj", "{B1D970E9-D165-4DEF-AF29-40327E92899B}"
EndProject
Project("{FAE04EC0-301F-11D3-BF4B-00C04F79EFBC}") = "VistaApp", "VistaApp\VistaApp.csproj", "{8C7D07A5-E065-4C99-8902-4EC25B3D4833}"
EndProject
Project("{2150E333-8FDC-42A3-9474-1A3956D46DE8}") = "Inventario", "Inventario", "{82987816-1BCC-4382-AE0E-F11EEF4B563B}"
EndProject
Project("{2150E333-8FDC-42A3-9474-1A3956D46DE8}") = "Factura", "Factura", "{A6A9AE87-1D40-4B44-A057-3BFB97B9F85D}"
EndProject
Project("{FAE04EC0-301F-11D3-BF4B-00C04F79EFBC}") = "ConexionDB", "ConexionDB\ConexionDB.csproj", "{56D95A4D-8CCE-46C5-8ABF-8C028C82816F}"
EndProject
Project("{FAE04EC0-301F-11D3-BF4B-00C04F79EFBC}") = "AppLogica", "AppLogica\AppLogica.csproj", "{49112EC9-7283-42CC-A189-03D99BAA9FD3}"
EndProject
Project("{FAE04EC0-301F-11D3-BF4B-00C04F79EFBC}") = "IUApp", "IUApp\IUApp.csproj", "{A089562C-7371-4B74-B6B7-C6E72E2E61B8}"
EndProject
Project("{54435603-DBB4-11D2-8724-00A0C9A8B90C}") = "InventarioInstalar", "InventarioInstalar\InventarioInstalar.vdproj", "{A6FF873B-9FD4-4A76-89B7-E74B20C432DE}"
EndProject
Project("{54435603-DBB4-11D2-8724-00A0C9A8B90C}") = "FacturaInstalar", "FacturaInstalar\FacturaInstalar.vdproj", "{37A24C10-3038-48DE-8649-56075C9E1909}"
EndProject
Global
	GlobalSection(SolutionConfigurationPlatforms) = preSolution
		Debug|Any CPU = Debug|Any CPU
		Release|Any CPU = Release|Any CPU
	EndGlobalSection
	GlobalSection(ProjectConfigurationPlatforms) = postSolution
		{8E3EF05F-38AF-4E70-92FE-C60C4AD37261}.Debug|Any CPU.ActiveCfg = Debug|Any CPU
		{8E3EF05F-38AF-4E70-92FE-C60C4AD37261}.Debug|Any CPU.Build.0 = Debug|Any CPU
		{8E3EF05F-38AF-4E70-92FE-C60C4AD37261}.Release|Any CPU.ActiveCfg = Release|Any CPU
		{8E3EF05F-38AF-4E70-92FE-C60C4AD37261}.Release|Any CPU.Build.0 = Release|Any CPU
		{B1D970E9-D165-4DEF-AF29-40327E92899B}.Debug|Any CPU.ActiveCfg = Debug|Any CPU
		{B1D970E9-D165-4DEF-AF29-40327E92899B}.Debug|Any CPU.Build.0 = Debug|Any CPU
		{B1D970E9-D165-4DEF-AF29-40327E92899B}.Release|Any CPU.ActiveCfg = Release|Any CPU
		{B1D970E9-D165-4DEF-AF29-40327E92899B}.Release|Any CPU.Build.0 = Release|Any CPU
		{8C7D07A5-E065-4C99-8902-4EC25B3D4833}.Debug|Any CPU.ActiveCfg = Debug|Any CPU
		{8C7D07A5-E065-4C99-8902-4EC25B3D4833}.Debug|Any CPU.Build.0 = Debug|Any CPU
		{8C7D07A5-E065-4C99-8902-4EC25B3D4833}.Release|Any CPU.ActiveCfg = Release|Any CPU
		{8C7D07A5-E065-4C99-8902-4EC25B3D4833}.Release|Any CPU.Build.0 = Release|Any CPU
		{56D95A4D-8CCE-46C5-8ABF-8C028C82816F}.Debug|Any CPU.ActiveCfg = Debug|Any CPU
		{56D95A4D-8CCE-46C5-8ABF-8C028C82816F}.Debug|Any CPU.Build.0 = Debug|Any CPU
		{56D95A4D-8CCE-46C5-8ABF-8C028C82816F}.Release|Any CPU.ActiveCfg = Release|Any CPU
		{56D95A4D-8CCE-46C5-8ABF-8C028C82816F}.Release|Any CPU.Build.0 = Release|Any CPU
		{49112EC9-7283-42CC-A189-03D99BAA9FD3}.Debug|Any CPU.ActiveCfg = Debug|Any CPU
		{49112EC9-7283-42CC-A189-03D99BAA9FD3}.Debug|Any CPU.Build.0 = Debug|Any CPU
		{49112EC9-7283-42CC-A189-03D99BAA9FD3}.Release|Any CPU.ActiveCfg = Release|Any CPU
		{49112EC9-7283-42CC-A189-03D99BAA9FD3}.Release|Any CPU.Build.0 = Release|Any CPU
		{A089562C-7371-4B74-B6B7-C6E72E2E61B8}.Debug|Any CPU.ActiveCfg = Debug|Any CPU
		{A089562C-7371-4B74-B6B7-C6E72E2E61B8}.Debug|Any CPU.Build.0 = Debug|Any CPU
		{A089562C-7371-4B74-B6B7-C6E72E2E61B8}.Release|Any CPU.ActiveCfg = Release|Any CPU
		{A089562C-7371-4B74-B6B7-C6E72E2E61B8}.Release|Any CPU.Build.0 = Release|Any CPU
		{A6FF873B-9FD4-4A76-89B7-E74B20C432DE}.Debug|Any CPU.ActiveCfg = Debug
		{A6FF873B-9FD4-4A76-89B7-E74B20C432DE}.Release|Any CPU.ActiveCfg = Release
		{37A24C10-3038-48DE-8649-56075C9E1909}.Debug|Any CPU.ActiveCfg = Debug
		{37A24C10-3038-48DE-8649-56075C9E1909}.Release|Any CPU.ActiveCfg = Release
	EndGlobalSection
	GlobalSection(SolutionProperties) = preSolution
		HideSolutionNode = FALSE
	EndGlobalSection
	GlobalSection(NestedProjects) = preSolution
		{8E3EF05F-38AF-4E70-92FE-C60C4AD37261} = {82987816-1BCC-4382-AE0E-F11EEF4B563B}
		{B1D970E9-D165-4DEF-AF29-40327E92899B} = {82987816-1BCC-4382-AE0E-F11EEF4B563B}
		{8C7D07A5-E065-4C99-8902-4EC25B3D4833} = {82987816-1BCC-4382-AE0E-F11EEF4B563B}
		{56D95A4D-8CCE-46C5-8ABF-8C028C82816F} = {A6A9AE87-1D40-4B44-A057-3BFB97B9F85D}
		{49112EC9-7283-42CC-A189-03D99BAA9FD3} = {A6A9AE87-1D40-4B44-A057-3BFB97B9F85D}
		{A089562C-7371-4B74-B6B7-C6E72E2E61B8} = {A6A9AE87-1D40-4B44-A057-3BFB97B9F85D}
	EndGlobalSection
	GlobalSection(ExtensibilityGlobals) = postSolution
		SolutionGuid = {ABCB15F8-5059-4CC3-886D-49BFF5043B3F}
	EndGlobalSection
EndGlobal
